
Microsoft Visual Studio Solution File, Format Version 12.00
# Visual Studio Version 16
VisualStudioVersion = 16.0.30413.136
MinimumVisualStudioVersion = 10.0.40219.1
Project("{FAE04EC0-301F-11D3-BF4B-00C04F79EFBC}") = "KFC_Project", "KFC_Project\KFC_Project.csproj", "{FA150021-02F2-4430-83F0-F06EE9928AE7}"
EndProject
Global
	GlobalSection(SolutionConfigurationPlatforms) = preSolution
		Debug|Any CPU = Debug|Any CPU
		Release|Any CPU = Release|Any CPU
	EndGlobalSection
	GlobalSection(ProjectConfigurationPlatforms) = postSolution
		{FA150021-02F2-4430-83F0-F06EE9928AE7}.Debug|Any CPU.ActiveCfg = Debug|Any CPU
		{FA150021-02F2-4430-83F0-F06EE9928AE7}.Debug|Any CPU.Build.0 = Debug|Any CPU
		{FA150021-02F2-4430-83F0-F06EE9928AE7}.Release|Any CPU.ActiveCfg = Release|Any CPU
		{FA150021-02F2-4430-83F0-F06EE9928AE7}.Release|Any CPU.Build.0 = Release|Any CPU
	EndGlobalSection
	GlobalSection(SolutionProperties) = preSolution
		HideSolutionNode = FALSE
	EndGlobalSection
	GlobalSection(ExtensibilityGlobals) = postSolution
		SolutionGuid = {DA189D87-B760-48E7-A0E9-9E893CC9AC88}
	EndGlobalSection
EndGlobal
